
Microsoft Visual Studio Solution File, Format Version 12.00
# Visual Studio Version 17
VisualStudioVersion = 17.14.36518.9
MinimumVisualStudioVersion = 10.0.40219.1
Project("{FAE04EC0-301F-11D3-BF4B-00C04F79EFBC}") = "AtsManager", "AtsManager.csproj", "{4FB0ACB7-5431-44DC-BC8A-84C0C3D547C7}"
EndProject
Global
	GlobalSection(SolutionConfigurationPlatforms) = preSolution
		Debug|Any CPU = Debug|Any CPU
		Release|Any CPU = Release|Any CPU
	EndGlobalSection
	GlobalSection(ProjectConfigurationPlatforms) = postSolution
		{4FB0ACB7-5431-44DC-BC8A-84C0C3D547C7}.Debug|Any CPU.ActiveCfg = Debug|Any CPU
		{4FB0ACB7-5431-44DC-BC8A-84C0C3D547C7}.Debug|Any CPU.Build.0 = Debug|Any CPU
		{4FB0ACB7-5431-44DC-BC8A-84C0C3D547C7}.Release|Any CPU.ActiveCfg = Release|Any CPU
		{4FB0ACB7-5431-44DC-BC8A-84C0C3D547C7}.Release|Any CPU.Build.0 = Release|Any CPU
	EndGlobalSection
	GlobalSection(SolutionProperties) = preSolution
		HideSolutionNode = FALSE
	EndGlobalSection
	GlobalSection(ExtensibilityGlobals) = postSolution
		SolutionGuid = {F408643B-1878-487A-B462-C62C2866544A}
	EndGlobalSection
EndGlobal
